
Microsoft Visual Studio Solution File, Format Version 12.00
# Visual Studio Version 17
VisualStudioVersion = 17.4.33403.182
MinimumVisualStudioVersion = 10.0.40219.1
Project("{9A19103F-16F7-4668-BE54-9A1E7A4F7556}") = "Clonable", "Clonable\Clonable.csproj", "{B930F65D-0573-413C-BE75-E92E7AB85B08}"
EndProject
Project("{FAE04EC0-301F-11D3-BF4B-00C04F79EFBC}") = "Clonable.Tests", "Clonable.Tests\Clonable.Tests.csproj", "{4D71E6B2-17F2-45FE-AAA3-297DE700C3D0}"
EndProject
Global
	GlobalSection(SolutionConfigurationPlatforms) = preSolution
		Debug|Any CPU = Debug|Any CPU
		Release|Any CPU = Release|Any CPU
	EndGlobalSection
	GlobalSection(ProjectConfigurationPlatforms) = postSolution
		{B930F65D-0573-413C-BE75-E92E7AB85B08}.Debug|Any CPU.ActiveCfg = Debug|Any CPU
		{B930F65D-0573-413C-BE75-E92E7AB85B08}.Debug|Any CPU.Build.0 = Debug|Any CPU
		{B930F65D-0573-413C-BE75-E92E7AB85B08}.Release|Any CPU.ActiveCfg = Release|Any CPU
		{B930F65D-0573-413C-BE75-E92E7AB85B08}.Release|Any CPU.Build.0 = Release|Any CPU
		{4D71E6B2-17F2-45FE-AAA3-297DE700C3D0}.Debug|Any CPU.ActiveCfg = Debug|Any CPU
		{4D71E6B2-17F2-45FE-AAA3-297DE700C3D0}.Debug|Any CPU.Build.0 = Debug|Any CPU
		{4D71E6B2-17F2-45FE-AAA3-297DE700C3D0}.Release|Any CPU.ActiveCfg = Release|Any CPU
		{4D71E6B2-17F2-45FE-AAA3-297DE700C3D0}.Release|Any CPU.Build.0 = Release|Any CPU
	EndGlobalSection
	GlobalSection(SolutionProperties) = preSolution
		HideSolutionNode = FALSE
	EndGlobalSection
	GlobalSection(ExtensibilityGlobals) = postSolution
		SolutionGuid = {BACE5A1D-D390-4915-9008-1047F4F3E045}
	EndGlobalSection
EndGlobal
